
Microsoft Visual Studio Solution File, Format Version 12.00
# Visual Studio 2012
Project("{FAE04EC0-301F-11D3-BF4B-00C04F79EFBC}") = "HeartBeatLibrary", "HeartBeatLibrary\HeartBeatLibrary.csproj", "{18E75DF9-690A-4B0F-8CB0-FB2A237500EC}"
EndProject
Global
	GlobalSection(SolutionConfigurationPlatforms) = preSolution
		Debug|Any CPU = Debug|Any CPU
		Release|Any CPU = Release|Any CPU
	EndGlobalSection
	GlobalSection(ProjectConfigurationPlatforms) = postSolution
		{18E75DF9-690A-4B0F-8CB0-FB2A237500EC}.Debug|Any CPU.ActiveCfg = Debug|Any CPU
		{18E75DF9-690A-4B0F-8CB0-FB2A237500EC}.Debug|Any CPU.Build.0 = Debug|Any CPU
		{18E75DF9-690A-4B0F-8CB0-FB2A237500EC}.Release|Any CPU.ActiveCfg = Release|Any CPU
		{18E75DF9-690A-4B0F-8CB0-FB2A237500EC}.Release|Any CPU.Build.0 = Release|Any CPU
	EndGlobalSection
	GlobalSection(SolutionProperties) = preSolution
		HideSolutionNode = FALSE
	EndGlobalSection
EndGlobal
